
Microsoft Visual Studio Solution File, Format Version 12.00
# Visual Studio Version 17
VisualStudioVersion = 17.7.34024.191
MinimumVisualStudioVersion = 10.0.40219.1
Project("{FAE04EC0-301F-11D3-BF4B-00C04F79EFBC}") = "WinForms_database", "WinForms_database\WinForms_database.csproj", "{62A3BF81-4D65-4350-9403-C6625AD312F8}"
EndProject
Global
	GlobalSection(SolutionConfigurationPlatforms) = preSolution
		Debug|Any CPU = Debug|Any CPU
		Release|Any CPU = Release|Any CPU
	EndGlobalSection
	GlobalSection(ProjectConfigurationPlatforms) = postSolution
		{62A3BF81-4D65-4350-9403-C6625AD312F8}.Debug|Any CPU.ActiveCfg = Debug|Any CPU
		{62A3BF81-4D65-4350-9403-C6625AD312F8}.Debug|Any CPU.Build.0 = Debug|Any CPU
		{62A3BF81-4D65-4350-9403-C6625AD312F8}.Release|Any CPU.ActiveCfg = Release|Any CPU
		{62A3BF81-4D65-4350-9403-C6625AD312F8}.Release|Any CPU.Build.0 = Release|Any CPU
	EndGlobalSection
	GlobalSection(SolutionProperties) = preSolution
		HideSolutionNode = FALSE
	EndGlobalSection
	GlobalSection(ExtensibilityGlobals) = postSolution
		SolutionGuid = {CF680860-9323-4AB3-BCC2-DCDEC0DD1452}
	EndGlobalSection
EndGlobal
